// !$*UTF8*$!
{
	archiveVersion = 1;
	classes = {
	};
	objectVersion = 51;
	objects = {

/* Begin PBXBuildFile section */
		04649E73273E46F200D3CDD2 /* HURequest.swift in Sources */ = {isa = PBXBuildFile; fileRef = 04649E6F273E46F200D3CDD2 /* HURequest.swift */; };
		04649E74273E46F200D3CDD2 /* HUNetworkError.swift in Sources */ = {isa = PBXBuildFile; fileRef = 04649E70273E46F200D3CDD2 /* HUNetworkError.swift */; };
		04649E75273E46F200D3CDD2 /* HUHttpMethods.swift in Sources */ = {isa = PBXBuildFile; fileRef = 04649E71273E46F200D3CDD2 /* HUHttpMethods.swift */; };
		04649E76273E46F200D3CDD2 /* HttpUtility.swift in Sources */ = {isa = PBXBuildFile; fileRef = 04649E72273E46F200D3CDD2 /* HttpUtility.swift */; };
		04649E79273E46F800D3CDD2 /* EncodableExtension.swift in Sources */ = {isa = PBXBuildFile; fileRef = 04649E78273E46F800D3CDD2 /* EncodableExtension.swift */; };
		04649E7F273E4B1500D3CDD2 /* TestViewController.swift in Sources */ = {isa = PBXBuildFile; fileRef = 04649E7E273E4B1500D3CDD2 /* TestViewController.swift */; };
		047F2175271837980055B064 /* AppDelegate.swift in Sources */ = {isa = PBXBuildFile; fileRef = 047F2174271837980055B064 /* AppDelegate.swift */; };
		047F2179271837980055B064 /* ViewController.swift in Sources */ = {isa = PBXBuildFile; fileRef = 047F2178271837980055B064 /* ViewController.swift */; };
		047F217C271837980055B064 /* Main.storyboard in Resources */ = {isa = PBXBuildFile; fileRef = 047F217A271837980055B064 /* Main.storyboard */; };
		047F217E271837990055B064 /* Assets.xcassets in Resources */ = {isa = PBXBuildFile; fileRef = 047F217D271837990055B064 /* Assets.xcassets */; };
		047F2181271837990055B064 /* LaunchScreen.storyboard in Resources */ = {isa = PBXBuildFile; fileRef = 047F217F271837990055B064 /* LaunchScreen.storyboard */; };
		047F21A427183ACE0055B064 /* Posts.swift in Sources */ = {isa = PBXBuildFile; fileRef = 047F21A227183ACE0055B064 /* Posts.swift */; };
		047F21A827183B0D0055B064 /* PostViewModel.swift in Sources */ = {isa = PBXBuildFile; fileRef = 047F21A727183B0D0055B064 /* PostViewModel.swift */; };
		047F21AD27183C260055B064 /* Ext.swift in Sources */ = {isa = PBXBuildFile; fileRef = 047F21AC27183C260055B064 /* Ext.swift */; };
		04A5AA2F27183D5700746EEC /* PostCell.swift in Sources */ = {isa = PBXBuildFile; fileRef = 04A5AA2D27183D5700746EEC /* PostCell.swift */; };
		04A5AA3027183D5700746EEC /* PostCell.xib in Resources */ = {isa = PBXBuildFile; fileRef = 04A5AA2E27183D5700746EEC /* PostCell.xib */; };
		04A5AA392718410A00746EEC /* PostListCell.swift in Sources */ = {isa = PBXBuildFile; fileRef = 04A5AA372718410A00746EEC /* PostListCell.swift */; };
		04A5AA3A2718410A00746EEC /* PostListCell.xib in Resources */ = {isa = PBXBuildFile; fileRef = 04A5AA382718410A00746EEC /* PostListCell.xib */; };
		264FF919B74073043E138771 /* Pods_Milan.framework in Frameworks */ = {isa = PBXBuildFile; fileRef = B11929EF09BE5209E030BD0A /* Pods_Milan.framework */; };
/* End PBXBuildFile section */

/* Begin PBXFileReference section */
		04649E6F273E46F200D3CDD2 /* HURequest.swift */ = {isa = PBXFileReference; fileEncoding = 4; lastKnownFileType = sourcecode.swift; path = HURequest.swift; sourceTree = "<group>"; };
		04649E70273E46F200D3CDD2 /* HUNetworkError.swift */ = {isa = PBXFileReference; fileEncoding = 4; lastKnownFileType = sourcecode.swift; path = HUNetworkError.swift; sourceTree = "<group>"; };
		04649E71273E46F200D3CDD2 /* HUHttpMethods.swift */ = {isa = PBXFileReference; fileEncoding = 4; lastKnownFileType = sourcecode.swift; path = HUHttpMethods.swift; sourceTree = "<group>"; };
		04649E72273E46F200D3CDD2 /* HttpUtility.swift */ = {isa = PBXFileReference; fileEncoding = 4; lastKnownFileType = sourcecode.swift; path = HttpUtility.swift; sourceTree = "<group>"; };
		04649E78273E46F800D3CDD2 /* EncodableExtension.swift */ = {isa = PBXFileReference; fileEncoding = 4; lastKnownFileType = sourcecode.swift; path = EncodableExtension.swift; sourceTree = "<group>"; };
		04649E7E273E4B1500D3CDD2 /* TestViewController.swift */ = {isa = PBXFileReference; lastKnownFileType = sourcecode.swift; path = TestViewController.swift; sourceTree = "<group>"; };
		047F2171271837980055B064 /* Milan.app */ = {isa = PBXFileReference; explicitFileType = wrapper.application; includeInIndex = 0; path = Milan.app; sourceTree = BUILT_PRODUCTS_DIR; };
		047F2174271837980055B064 /* AppDelegate.swift */ = {isa = PBXFileReference; lastKnownFileType = sourcecode.swift; path = AppDelegate.swift; sourceTree = "<group>"; };
		047F2178271837980055B064 /* ViewController.swift */ = {isa = PBXFileReference; lastKnownFileType = sourcecode.swift; path = ViewController.swift; sourceTree = "<group>"; };
		047F217B271837980055B064 /* Base */ = {isa = PBXFileReference; lastKnownFileType = file.storyboard; name = Base; path = Base.lproj/Main.storyboard; sourceTree = "<group>"; };
		047F217D271837990055B064 /* Assets.xcassets */ = {isa = PBXFileReference; lastKnownFileType = folder.assetcatalog; path = Assets.xcassets; sourceTree = "<group>"; };
		047F2180271837990055B064 /* Base */ = {isa = PBXFileReference; lastKnownFileType = file.storyboard; name = Base; path = Base.lproj/LaunchScreen.storyboard; sourceTree = "<group>"; };
		047F2182271837990055B064 /* Info.plist */ = {isa = PBXFileReference; lastKnownFileType = text.plist.xml; path = Info.plist; sourceTree = "<group>"; };
		047F21A227183ACE0055B064 /* Posts.swift */ = {isa = PBXFileReference; fileEncoding = 4; lastKnownFileType = sourcecode.swift; path = Posts.swift; sourceTree = "<group>"; };
		047F21A727183B0D0055B064 /* PostViewModel.swift */ = {isa = PBXFileReference; lastKnownFileType = sourcecode.swift; path = PostViewModel.swift; sourceTree = "<group>"; };
		047F21AC27183C260055B064 /* Ext.swift */ = {isa = PBXFileReference; lastKnownFileType = sourcecode.swift; path = Ext.swift; sourceTree = "<group>"; };
		04A5AA2D27183D5700746EEC /* PostCell.swift */ = {isa = PBXFileReference; lastKnownFileType = sourcecode.swift; path = PostCell.swift; sourceTree = "<group>"; };
		04A5AA2E27183D5700746EEC /* PostCell.xib */ = {isa = PBXFileReference; lastKnownFileType = file.xib; path = PostCell.xib; sourceTree = "<group>"; };
		04A5AA372718410A00746EEC /* PostListCell.swift */ = {isa = PBXFileReference; lastKnownFileType = sourcecode.swift; path = PostListCell.swift; sourceTree = "<group>"; };
		04A5AA382718410A00746EEC /* PostListCell.xib */ = {isa = PBXFileReference; lastKnownFileType = file.xib; path = PostListCell.xib; sourceTree = "<group>"; };
		49790ADED9A9EF3C51CDDCAD /* Pods-Milan.release.xcconfig */ = {isa = PBXFileReference; includeInIndex = 1; lastKnownFileType = text.xcconfig; name = "Pods-Milan.release.xcconfig"; path = "Target Support Files/Pods-Milan/Pods-Milan.release.xcconfig"; sourceTree = "<group>"; };
		795D68EDD7140697458942DC /* Pods-Milan.debug.xcconfig */ = {isa = PBXFileReference; includeInIndex = 1; lastKnownFileType = text.xcconfig; name = "Pods-Milan.debug.xcconfig"; path = "Target Support Files/Pods-Milan/Pods-Milan.debug.xcconfig"; sourceTree = "<group>"; };
		B11929EF09BE5209E030BD0A /* Pods_Milan.framework */ = {isa = PBXFileReference; explicitFileType = wrapper.framework; includeInIndex = 0; path = Pods_Milan.framework; sourceTree = BUILT_PRODUCTS_DIR; };
/* End PBXFileReference section */

/* Begin PBXFrameworksBuildPhase section */
		047F216E271837980055B064 /* Frameworks */ = {
			isa = PBXFrameworksBuildPhase;
			buildActionMask = 2147483647;
			files = (
				264FF919B74073043E138771 /* Pods_Milan.framework in Frameworks */,
			);
			runOnlyForDeploymentPostprocessing = 0;
		};
/* End PBXFrameworksBuildPhase section */

/* Begin PBXGroup section */
		047F2168271837980055B064 = {
			isa = PBXGroup;
			children = (
				047F2173271837980055B064 /* Milan */,
				047F2172271837980055B064 /* Products */,
				D93E6134CFE783A57F2897C6 /* Pods */,
				EE6614D6547AD3A2E36FAB1A /* Frameworks */,
			);
			sourceTree = "<group>";
		};
		047F2172271837980055B064 /* Products */ = {
			isa = PBXGroup;
			children = (
				047F2171271837980055B064 /* Milan.app */,
			);
			name = Products;
			sourceTree = "<group>";
		};
		047F2173271837980055B064 /* Milan */ = {
			isa = PBXGroup;
			children = (
				047F2174271837980055B064 /* AppDelegate.swift */,
				047F218F271839820055B064 /* Helper */,
				047F21902718398D0055B064 /* HttpUtility */,
				047F218D271839600055B064 /* Model */,
				047F218E2718396D0055B064 /* ViewModel */,
				047F2189271837E20055B064 /* ViewController */,
				047F218B271839310055B064 /* View */,
				04A5AA2C27183D3E00746EEC /* Cell */,
				047F218C2718393D0055B064 /* Resources */,
				047F2182271837990055B064 /* Info.plist */,
			);
			path = Milan;
			sourceTree = "<group>";
		};
		047F2189271837E20055B064 /* ViewController */ = {
			isa = PBXGroup;
			children = (
				047F2178271837980055B064 /* ViewController.swift */,
				04649E7E273E4B1500D3CDD2 /* TestViewController.swift */,
			);
			path = ViewController;
			sourceTree = "<group>";
		};
		047F218B271839310055B064 /* View */ = {
			isa = PBXGroup;
			children = (
				047F217F271837990055B064 /* LaunchScreen.storyboard */,
				047F217A271837980055B064 /* Main.storyboard */,
			);
			path = View;
			sourceTree = "<group>";
		};
		047F218C2718393D0055B064 /* Resources */ = {
			isa = PBXGroup;
			children = (
				047F217D271837990055B064 /* Assets.xcassets */,
			);
			path = Resources;
			sourceTree = "<group>";
		};
		047F218D271839600055B064 /* Model */ = {
			isa = PBXGroup;
			children = (
				047F21A227183ACE0055B064 /* Posts.swift */,
			);
			path = Model;
			sourceTree = "<group>";
		};
		047F218E2718396D0055B064 /* ViewModel */ = {
			isa = PBXGroup;
			children = (
				047F21A727183B0D0055B064 /* PostViewModel.swift */,
			);
			path = ViewModel;
			sourceTree = "<group>";
		};
		047F218F271839820055B064 /* Helper */ = {
			isa = PBXGroup;
			children = (
				047F21AC27183C260055B064 /* Ext.swift */,
			);
			path = Helper;
			sourceTree = "<group>";
		};
		047F21902718398D0055B064 /* HttpUtility */ = {
			isa = PBXGroup;
			children = (
				04649E72273E46F200D3CDD2 /* HttpUtility.swift */,
				04649E71273E46F200D3CDD2 /* HUHttpMethods.swift */,
				04649E70273E46F200D3CDD2 /* HUNetworkError.swift */,
				04649E6F273E46F200D3CDD2 /* HURequest.swift */,
				04649E78273E46F800D3CDD2 /* EncodableExtension.swift */,
			);
			path = HttpUtility;
			sourceTree = "<group>";
		};
		04A5AA2C27183D3E00746EEC /* Cell */ = {
			isa = PBXGroup;
			children = (
				04A5AA36271840E700746EEC /* PostListCell */,
				04A5AA35271840DE00746EEC /* PostCell */,
			);
			path = Cell;
			sourceTree = "<group>";
		};
		04A5AA35271840DE00746EEC /* PostCell */ = {
			isa = PBXGroup;
			children = (
				04A5AA2D27183D5700746EEC /* PostCell.swift */,
				04A5AA2E27183D5700746EEC /* PostCell.xib */,
			);
			path = PostCell;
			sourceTree = "<group>";
		};
		04A5AA36271840E700746EEC /* PostListCell */ = {
			isa = PBXGroup;
			children = (
				04A5AA372718410A00746EEC /* PostListCell.swift */,
				04A5AA382718410A00746EEC /* PostListCell.xib */,
			);
			path = PostListCell;
			sourceTree = "<group>";
		};
		D93E6134CFE783A57F2897C6 /* Pods */ = {
			isa = PBXGroup;
			children = (
				795D68EDD7140697458942DC /* Pods-Milan.debug.xcconfig */,
				49790ADED9A9EF3C51CDDCAD /* Pods-Milan.release.xcconfig */,
			);
			path = Pods;
			sourceTree = "<group>";
		};
		EE6614D6547AD3A2E36FAB1A /* Frameworks */ = {
			isa = PBXGroup;
			children = (
				B11929EF09BE5209E030BD0A /* Pods_Milan.framework */,
			);
			name = Frameworks;
			sourceTree = "<group>";
		};
/* End PBXGroup section */

/* Begin PBXNativeTarget section */
		047F2170271837980055B064 /* Milan */ = {
			isa = PBXNativeTarget;
			buildConfigurationList = 047F2185271837990055B064 /* Build configuration list for PBXNativeTarget "Milan" */;
			buildPhases = (
				E9E6A63C79575B8B2CE8FAB0 /* [CP] Check Pods Manifest.lock */,
				047F216D271837980055B064 /* Sources */,
				047F216E271837980055B064 /* Frameworks */,
				047F216F271837980055B064 /* Resources */,
				A2E51C61A45CCA09320382BC /* [CP] Embed Pods Frameworks */,
			);
			buildRules = (
			);
			dependencies = (
			);
			name = Milan;
			productName = Milan;
			productReference = 047F2171271837980055B064 /* Milan.app */;
			productType = "com.apple.product-type.application";
		};
/* End PBXNativeTarget section */

/* Begin PBXProject section */
		047F2169271837980055B064 /* Project object */ = {
			isa = PBXProject;
			attributes = {
				LastSwiftUpdateCheck = 1240;
				LastUpgradeCheck = 1240;
				TargetAttributes = {
					047F2170271837980055B064 = {
						CreatedOnToolsVersion = 12.4;
					};
				};
			};
			buildConfigurationList = 047F216C271837980055B064 /* Build configuration list for PBXProject "Milan" */;
			compatibilityVersion = "Xcode 9.3";
			developmentRegion = en;
			hasScannedForEncodings = 0;
			knownRegions = (
				en,
				Base,
			);
			mainGroup = 047F2168271837980055B064;
			productRefGroup = 047F2172271837980055B064 /* Products */;
			projectDirPath = "";
			projectRoot = "";
			targets = (
				047F2170271837980055B064 /* Milan */,
			);
		};
/* End PBXProject section */

/* Begin PBXResourcesBuildPhase section */
		047F216F271837980055B064 /* Resources */ = {
			isa = PBXResourcesBuildPhase;
			buildActionMask = 2147483647;
			files = (
				047F2181271837990055B064 /* LaunchScreen.storyboard in Resources */,
				047F217E271837990055B064 /* Assets.xcassets in Resources */,
				04A5AA3A2718410A00746EEC /* PostListCell.xib in Resources */,
				047F217C271837980055B064 /* Main.storyboard in Resources */,
				04A5AA3027183D5700746EEC /* PostCell.xib in Resources */,
			);
			runOnlyForDeploymentPostprocessing = 0;
		};
/* End PBXResourcesBuildPhase section */

/* Begin PBXShellScriptBuildPhase section */
		A2E51C61A45CCA09320382BC /* [CP] Embed Pods Frameworks */ = {
			isa = PBXShellScriptBuildPhase;
			buildActionMask = 2147483647;
			files = (
			);
			inputFileListPaths = (
				"${PODS_ROOT}/Target Support Files/Pods-Milan/Pods-Milan-frameworks-${CONFIGURATION}-input-files.xcfilelist",
			);
			name = "[CP] Embed Pods Frameworks";
			outputFileListPaths = (
				"${PODS_ROOT}/Target Support Files/Pods-Milan/Pods-Milan-frameworks-${CONFIGURATION}-output-files.xcfilelist",
			);
			runOnlyForDeploymentPostprocessing = 0;
			shellPath = /bin/sh;
			shellScript = "\"${PODS_ROOT}/Target Support Files/Pods-Milan/Pods-Milan-frameworks.sh\"\n";
			showEnvVarsInLog = 0;
		};
		E9E6A63C79575B8B2CE8FAB0 /* [CP] Check Pods Manifest.lock */ = {
			isa = PBXShellScriptBuildPhase;
			buildActionMask = 2147483647;
			files = (
			);
			inputFileListPaths = (
			);
			inputPaths = (
				"${PODS_PODFILE_DIR_PATH}/Podfile.lock",
				"${PODS_ROOT}/Manifest.lock",
			);
			name = "[CP] Check Pods Manifest.lock";
			outputFileListPaths = (
			);
			outputPaths = (
				"$(DERIVED_FILE_DIR)/Pods-Milan-checkManifestLockResult.txt",
			);
			runOnlyForDeploymentPostprocessing = 0;
			shellPath = /bin/sh;
			shellScript = "diff \"${PODS_PODFILE_DIR_PATH}/Podfile.lock\" \"${PODS_ROOT}/Manifest.lock\" > /dev/null\nif [ $? != 0 ] ; then\n    # print error to STDERR\n    echo \"error: The sandbox is not in sync with the Podfile.lock. Run 'pod install' or update your CocoaPods installation.\" >&2\n    exit 1\nfi\n# This output is used by Xcode 'outputs' to avoid re-running this script phase.\necho \"SUCCESS\" > \"${SCRIPT_OUTPUT_FILE_0}\"\n";
			showEnvVarsInLog = 0;
		};
/* End PBXShellScriptBuildPhase section */

/* Begin PBXSourcesBuildPhase section */
		047F216D271837980055B064 /* Sources */ = {
			isa = PBXSourcesBuildPhase;
			buildActionMask = 2147483647;
			files = (
				04649E73273E46F200D3CDD2 /* HURequest.swift in Sources */,
				04649E79273E46F800D3CDD2 /* EncodableExtension.swift in Sources */,
				047F21A827183B0D0055B064 /* PostViewModel.swift in Sources */,
				047F21A427183ACE0055B064 /* Posts.swift in Sources */,
				04A5AA392718410A00746EEC /* PostListCell.swift in Sources */,
				04649E7F273E4B1500D3CDD2 /* TestViewController.swift in Sources */,
				047F2179271837980055B064 /* ViewController.swift in Sources */,
				047F21AD27183C260055B064 /* Ext.swift in Sources */,
				04A5AA2F27183D5700746EEC /* PostCell.swift in Sources */,
				047F2175271837980055B064 /* AppDelegate.swift in Sources */,
				04649E74273E46F200D3CDD2 /* HUNetworkError.swift in Sources */,
				04649E75273E46F200D3CDD2 /* HUHttpMethods.swift in Sources */,
				04649E76273E46F200D3CDD2 /* HttpUtility.swift in Sources */,
			);
			runOnlyForDeploymentPostprocessing = 0;
		};
/* End PBXSourcesBuildPhase section */

/* Begin PBXVariantGroup section */
		047F217A271837980055B064 /* Main.storyboard */ = {
			isa = PBXVariantGroup;
			children = (
				047F217B271837980055B064 /* Base */,
			);
			name = Main.storyboard;
			sourceTree = "<group>";
		};
		047F217F271837990055B064 /* LaunchScreen.storyboard */ = {
			isa = PBXVariantGroup;
			children = (
				047F2180271837990055B064 /* Base */,
			);
			name = LaunchScreen.storyboard;
			sourceTree = "<group>";
		};
/* End PBXVariantGroup section */

/* Begin XCBuildConfiguration section */
		047F2183271837990055B064 /* Debug */ = {
			isa = XCBuildConfiguration;
			buildSettings = {
				ALWAYS_SEARCH_USER_PATHS = NO;
				CLANG_ANALYZER_NONNULL = YES;
				CLANG_ANALYZER_NUMBER_OBJECT_CONVERSION = YES_AGGRESSIVE;
				CLANG_CXX_LANGUAGE_STANDARD = "gnu++14";
				CLANG_CXX_LIBRARY = "libc++";
				CLANG_ENABLE_MODULES = YES;
				CLANG_ENABLE_OBJC_ARC = YES;
				CLANG_ENABLE_OBJC_WEAK = YES;
				CLANG_WARN_BLOCK_CAPTURE_AUTORELEASING = YES;
				CLANG_WARN_BOOL_CONVERSION = YES;
				CLANG_WARN_COMMA = YES;
				CLANG_WARN_CONSTANT_CONVERSION = YES;
				CLANG_WARN_DEPRECATED_OBJC_IMPLEMENTATIONS = YES;
				CLANG_WARN_DIRECT_OBJC_ISA_USAGE = YES_ERROR;
				CLANG_WARN_DOCUMENTATION_COMMENTS = YES;
				CLANG_WARN_EMPTY_BODY = YES;
				CLANG_WARN_ENUM_CONVERSION = YES;
				CLANG_WARN_INFINITE_RECURSION = YES;
				CLANG_WARN_INT_CONVERSION = YES;
				CLANG_WARN_NON_LITERAL_NULL_CONVERSION = YES;
				CLANG_WARN_OBJC_IMPLICIT_RETAIN_SELF = YES;
				CLANG_WARN_OBJC_LITERAL_CONVERSION = YES;
				CLANG_WARN_OBJC_ROOT_CLASS = YES_ERROR;
				CLANG_WARN_QUOTED_INCLUDE_IN_FRAMEWORK_HEADER = YES;
				CLANG_WARN_RANGE_LOOP_ANALYSIS = YES;
				CLANG_WARN_STRICT_PROTOTYPES = YES;
				CLANG_WARN_SUSPICIOUS_MOVE = YES;
				CLANG_WARN_UNGUARDED_AVAILABILITY = YES_AGGRESSIVE;
				CLANG_WARN_UNREACHABLE_CODE = YES;
				CLANG_WARN__DUPLICATE_METHOD_MATCH = YES;
				COPY_PHASE_STRIP = NO;
				DEBUG_INFORMATION_FORMAT = dwarf;
				ENABLE_STRICT_OBJC_MSGSEND = YES;
				ENABLE_TESTABILITY = YES;
				GCC_C_LANGUAGE_STANDARD = gnu11;
				GCC_DYNAMIC_NO_PIC = NO;
				GCC_NO_COMMON_BLOCKS = YES;
				GCC_OPTIMIZATION_LEVEL = 0;
				GCC_PREPROCESSOR_DEFINITIONS = (
					"DEBUG=1",
					"$(inherited)",
				);
				GCC_WARN_64_TO_32_BIT_CONVERSION = YES;
				GCC_WARN_ABOUT_RETURN_TYPE = YES_ERROR;
				GCC_WARN_UNDECLARED_SELECTOR = YES;
				GCC_WARN_UNINITIALIZED_AUTOS = YES_AGGRESSIVE;
				GCC_WARN_UNUSED_FUNCTION = YES;
				GCC_WARN_UNUSED_VARIABLE = YES;
				IPHONEOS_DEPLOYMENT_TARGET = 14.4;
				MTL_ENABLE_DEBUG_INFO = INCLUDE_SOURCE;
				MTL_FAST_MATH = YES;
				ONLY_ACTIVE_ARCH = YES;
				SDKROOT = iphoneos;
				SWIFT_ACTIVE_COMPILATION_CONDITIONS = DEBUG;
				SWIFT_OPTIMIZATION_LEVEL = "-Onone";
			};
			name = Debug;
		};
		047F2184271837990055B064 /* Release */ = {
			isa = XCBuildConfiguration;
			buildSettings = {
				ALWAYS_SEARCH_USER_PATHS = NO;
				CLANG_ANALYZER_NONNULL = YES;
				CLANG_ANALYZER_NUMBER_OBJECT_CONVERSION = YES_AGGRESSIVE;
				CLANG_CXX_LANGUAGE_STANDARD = "gnu++14";
				CLANG_CXX_LIBRARY = "libc++";
				CLANG_ENABLE_MODULES = YES;
				CLANG_ENABLE_OBJC_ARC = YES;
				CLANG_ENABLE_OBJC_WEAK = YES;
				CLANG_WARN_BLOCK_CAPTURE_AUTORELEASING = YES;
				CLANG_WARN_BOOL_CONVERSION = YES;
				CLANG_WARN_COMMA = YES;
				CLANG_WARN_CONSTANT_CONVERSION = YES;
				CLANG_WARN_DEPRECATED_OBJC_IMPLEMENTATIONS = YES;
				CLANG_WARN_DIRECT_OBJC_ISA_USAGE = YES_ERROR;
				CLANG_WARN_DOCUMENTATION_COMMENTS = YES;
				CLANG_WARN_EMPTY_BODY = YES;
				CLANG_WARN_ENUM_CONVERSION = YES;
				CLANG_WARN_INFINITE_RECURSION = YES;
				CLANG_WARN_INT_CONVERSION = YES;
				CLANG_WARN_NON_LITERAL_NULL_CONVERSION = YES;
				CLANG_WARN_OBJC_IMPLICIT_RETAIN_SELF = YES;
				CLANG_WARN_OBJC_LITERAL_CONVERSION = YES;
				CLANG_WARN_OBJC_ROOT_CLASS = YES_ERROR;
				CLANG_WARN_QUOTED_INCLUDE_IN_FRAMEWORK_HEADER = YES;
				CLANG_WARN_RANGE_LOOP_ANALYSIS = YES;
				CLANG_WARN_STRICT_PROTOTYPES = YES;
				CLANG_WARN_SUSPICIOUS_MOVE = YES;
				CLANG_WARN_UNGUARDED_AVAILABILITY = YES_AGGRESSIVE;
				CLANG_WARN_UNREACHABLE_CODE = YES;
				CLANG_WARN__DUPLICATE_METHOD_MATCH = YES;
				COPY_PHASE_STRIP = NO;
				DEBUG_INFORMATION_FORMAT = "dwarf-with-dsym";
				ENABLE_NS_ASSERTIONS = NO;
				ENABLE_STRICT_OBJC_MSGSEND = YES;
				GCC_C_LANGUAGE_STANDARD = gnu11;
				GCC_NO_COMMON_BLOCKS = YES;
				GCC_WARN_64_TO_32_BIT_CONVERSION = YES;
				GCC_WARN_ABOUT_RETURN_TYPE = YES_ERROR;
				GCC_WARN_UNDECLARED_SELECTOR = YES;
				GCC_WARN_UNINITIALIZED_AUTOS = YES_AGGRESSIVE;
				GCC_WARN_UNUSED_FUNCTION = YES;
				GCC_WARN_UNUSED_VARIABLE = YES;
				IPHONEOS_DEPLOYMENT_TARGET = 14.4;
				MTL_ENABLE_DEBUG_INFO = NO;
				MTL_FAST_MATH = YES;
				SDKROOT = iphoneos;
				SWIFT_COMPILATION_MODE = wholemodule;
				SWIFT_OPTIMIZATION_LEVEL = "-O";
				VALIDATE_PRODUCT = YES;
			};
			name = Release;
		};
		047F2186271837990055B064 /* Debug */ = {
			isa = XCBuildConfiguration;
			baseConfigurationReference = 795D68EDD7140697458942DC /* Pods-Milan.debug.xcconfig */;
			buildSettings = {
				ASSETCATALOG_COMPILER_APPICON_NAME = AppIcon;
				ASSETCATALOG_COMPILER_GLOBAL_ACCENT_COLOR_NAME = AccentColor;
				CODE_SIGN_STYLE = Automatic;
				DEVELOPMENT_TEAM = "";
				INFOPLIST_FILE = Milan/Info.plist;
				IPHONEOS_DEPLOYMENT_TARGET = 13.0;
				LD_RUNPATH_SEARCH_PATHS = (
					"$(inherited)",
					"@executable_path/Frameworks",
				);
				PRODUCT_BUNDLE_IDENTIFIER = com.Milan;
				PRODUCT_NAME = "$(TARGET_NAME)";
				SWIFT_VERSION = 5.0;
				TARGETED_DEVICE_FAMILY = "1,2";
			};
			name = Debug;
		};
		047F2187271837990055B064 /* Release */ = {
			isa = XCBuildConfiguration;
			baseConfigurationReference = 49790ADED9A9EF3C51CDDCAD /* Pods-Milan.release.xcconfig */;
			buildSettings = {
				ASSETCATALOG_COMPILER_APPICON_NAME = AppIcon;
				ASSETCATALOG_COMPILER_GLOBAL_ACCENT_COLOR_NAME = AccentColor;
				CODE_SIGN_STYLE = Automatic;
				DEVELOPMENT_TEAM = "";
				INFOPLIST_FILE = Milan/Info.plist;
				IPHONEOS_DEPLOYMENT_TARGET = 13.0;
				LD_RUNPATH_SEARCH_PATHS = (
					"$(inherited)",
					"@executable_path/Frameworks",
				);
				PRODUCT_BUNDLE_IDENTIFIER = com.Milan;
				PRODUCT_NAME = "$(TARGET_NAME)";
				SWIFT_VERSION = 5.0;
				TARGETED_DEVICE_FAMILY = "1,2";
			};
			name = Release;
		};
/* End XCBuildConfiguration section */

/* Begin XCConfigurationList section */
		047F216C271837980055B064 /* Build configuration list for PBXProject "Milan" */ = {
			isa = XCConfigurationList;
			buildConfigurations = (
				047F2183271837990055B064 /* Debug */,
				047F2184271837990055B064 /* Release */,
			);
			defaultConfigurationIsVisible = 0;
			defaultConfigurationName = Release;
		};
		047F2185271837990055B064 /* Build configuration list for PBXNativeTarget "Milan" */ = {
			isa = XCConfigurationList;
			buildConfigurations = (
				047F2186271837990055B064 /* Debug */,
				047F2187271837990055B064 /* Release */,
			);
			defaultConfigurationIsVisible = 0;
			defaultConfigurationName = Release;
		};
/* End XCConfigurationList section */
	};
	rootObject = 047F2169271837980055B064 /* Project object */;
}
